{"is_source_file": false, "format": "", "description": "", "external_files": [], "external_methods": [], "published": [], "classes": [], "methods": [], "calls": [], "search-terms": [], "state": 2, "file_id": 41, "knowledge_revision": 80, "git_revision": "f9e3987ca6c324e134325aa9967cd2ec2dab8733", "hash": "e9b4c3b42cef0193b7fddb548d37e652", "format-version": 4, "code-base-name": "default", "filename": "noteease/post_process_status.lock", "revision_history": [{"80": "f9e3987ca6c324e134325aa9967cd2ec2dab8733"}]}